
Microsoft Visual Studio Solution File, Format Version 12.00
# Visual Studio Version 17
VisualStudioVersion = 17.10.35013.160
MinimumVisualStudioVersion = 10.0.40219.1
Project("{FAE04EC0-301F-11D3-BF4B-00C04F79EFBC}") = "DemoLogin", "DemoLogin\DemoLogin.csproj", "{19E6CEBD-7EEF-4092-BDB5-4E96E3585AD4}"
EndProject
Global
	GlobalSection(SolutionConfigurationPlatforms) = preSolution
		Debug|Any CPU = Debug|Any CPU
		Release|Any CPU = Release|Any CPU
	EndGlobalSection
	GlobalSection(ProjectConfigurationPlatforms) = postSolution
		{19E6CEBD-7EEF-4092-BDB5-4E96E3585AD4}.Debug|Any CPU.ActiveCfg = Debug|Any CPU
		{19E6CEBD-7EEF-4092-BDB5-4E96E3585AD4}.Debug|Any CPU.Build.0 = Debug|Any CPU
		{19E6CEBD-7EEF-4092-BDB5-4E96E3585AD4}.Release|Any CPU.ActiveCfg = Release|Any CPU
		{19E6CEBD-7EEF-4092-BDB5-4E96E3585AD4}.Release|Any CPU.Build.0 = Release|Any CPU
	EndGlobalSection
	GlobalSection(SolutionProperties) = preSolution
		HideSolutionNode = FALSE
	EndGlobalSection
	GlobalSection(ExtensibilityGlobals) = postSolution
		SolutionGuid = {75517A78-820E-471B-9F00-1E3AF84A0944}
	EndGlobalSection
EndGlobal
